
Microsoft Visual Studio Solution File, Format Version 11.00
# Visual Studio 2010
Project("{FAE04EC0-301F-11D3-BF4B-00C04F79EFBC}") = "RD.RandomNameGenService", "RD.RandomNameGenService\RD.RandomNameGenService.csproj", "{A868A5CF-A2A3-4CA0-8D18-A1DC795EC797}"
EndProject
Global
	GlobalSection(SolutionConfigurationPlatforms) = preSolution
		Debug|Any CPU = Debug|Any CPU
		Release|Any CPU = Release|Any CPU
	EndGlobalSection
	GlobalSection(ProjectConfigurationPlatforms) = postSolution
		{A868A5CF-A2A3-4CA0-8D18-A1DC795EC797}.Debug|Any CPU.ActiveCfg = Debug|Any CPU
		{A868A5CF-A2A3-4CA0-8D18-A1DC795EC797}.Debug|Any CPU.Build.0 = Debug|Any CPU
		{A868A5CF-A2A3-4CA0-8D18-A1DC795EC797}.Release|Any CPU.ActiveCfg = Release|Any CPU
		{A868A5CF-A2A3-4CA0-8D18-A1DC795EC797}.Release|Any CPU.Build.0 = Release|Any CPU
	EndGlobalSection
	GlobalSection(SolutionProperties) = preSolution
		HideSolutionNode = FALSE
	EndGlobalSection
EndGlobal
